
Microsoft Visual Studio Solution File, Format Version 12.00
# Visual Studio Version 17
VisualStudioVersion = 17.3.32901.215
MinimumVisualStudioVersion = 10.0.40219.1
Project("{FAE04EC0-301F-11D3-BF4B-00C04F79EFBC}") = "MazepaBank", "MazepaBank\MazepaBank.csproj", "{0DB5683D-2F13-4721-AFB1-7CF1F7EE46D5}"
EndProject
Global
	GlobalSection(SolutionConfigurationPlatforms) = preSolution
		Debug|Any CPU = Debug|Any CPU
		Release|Any CPU = Release|Any CPU
	EndGlobalSection
	GlobalSection(ProjectConfigurationPlatforms) = postSolution
		{0DB5683D-2F13-4721-AFB1-7CF1F7EE46D5}.Debug|Any CPU.ActiveCfg = Debug|Any CPU
		{0DB5683D-2F13-4721-AFB1-7CF1F7EE46D5}.Debug|Any CPU.Build.0 = Debug|Any CPU
		{0DB5683D-2F13-4721-AFB1-7CF1F7EE46D5}.Release|Any CPU.ActiveCfg = Release|Any CPU
		{0DB5683D-2F13-4721-AFB1-7CF1F7EE46D5}.Release|Any CPU.Build.0 = Release|Any CPU
	EndGlobalSection
	GlobalSection(SolutionProperties) = preSolution
		HideSolutionNode = FALSE
	EndGlobalSection
	GlobalSection(ExtensibilityGlobals) = postSolution
		SolutionGuid = {DE8BC692-64A2-4763-A419-EC71382E289C}
	EndGlobalSection
EndGlobal
